schema: '2.0'
stages:
  prepare_dataset:
    cmd: python src/stages/prepare_dataset.py
    deps:
    - path: src/config.yaml
      hash: md5
      md5: c90169a197044ca1b4bb1df2b4156194
      size: 480
    - path: src/stages/prepare_dataset.py
      hash: md5
      md5: d97090c1e17bc47091f8178b7ef34cfd
      size: 3206
    outs:
    - path: ./data/final.csv
      hash: md5
      md5: 7852d6b8bd9357d63aece48a66904ce6
      size: 3058352
  data_split:
    cmd: python src/stages/data_splite.py
    deps:
    - path: ./data/final.csv
      hash: md5
      md5: 7852d6b8bd9357d63aece48a66904ce6
      size: 3058352
    - path: src/config.yaml
      hash: md5
      md5: c90169a197044ca1b4bb1df2b4156194
      size: 480
    - path: src/stages/data_splite.py
      hash: md5
      md5: bd60e1d6be4fa9f50b617db37d784651
      size: 957
    outs:
    - path: ./data/test_cars.csv
      hash: md5
      md5: 10e241452e3dfdd4d1cbfb7f4aed5d29
      size: 916320
    - path: ./data/train_cars.csv
      hash: md5
      md5: 2b1ba19f9c6f383b8d10dd7dbd039461
      size: 2137849
  train:
    cmd: python src/stages/train.py
    deps:
    - path: ./data/test_cars.csv
      hash: md5
      md5: 10e241452e3dfdd4d1cbfb7f4aed5d29
      size: 916320
    - path: ./data/train_cars.csv
      hash: md5
      md5: 2b1ba19f9c6f383b8d10dd7dbd039461
      size: 2137849
    - path: src/config.yaml
      hash: md5
      md5: c90169a197044ca1b4bb1df2b4156194
      size: 480
    - path: src/stages/train.py
      hash: md5
      md5: f0523a1d60fcdfcd30e1a083a7ab1b99
      size: 350
    outs:
    - path: ./models/cars.joblib
      hash: md5
      md5: 2f011050d19c22816049d089336c28c9
      size: 314871396
    - path: ./models/power.joblib
      hash: md5
      md5: 05be1fbdabc3d031c8c4d4fc8da0204f
      size: 662
  test_model:
    cmd: python src/stages/test_model.py
    deps:
    - path: src/config.yaml
      hash: md5
      md5: c90169a197044ca1b4bb1df2b4156194
      size: 480
    - path: src/stages/test_model.py
      hash: md5
      md5: 0a4ed31f0bc1c59c0f3a507d9e09fbed
      size: 964
